[[provider]]
package = "ai-direct:sha256"
version = "0.1.0"
target = "wasm32-wasi"
sha256 = "fa27d4aeb173e14082fd588c77e55f34ed4f930469622baf3f24f4d528138cc2"
wit_sha256 = "8ba2b4c448035c6c95e1a3034764bcb60c39ee1e0f14b77b678e79f6da1c6459"
metadata_sha256 = "302a98e951ab641ed67870e78062fd2ea9ddf7891d21e2f487bfce5a14deabc3"
license = "Apache-2.0 AND (MIT OR Apache-2.0)"
source = "override"
registry = "override"
registry_revision = "local"
registry_index_sha256 = ""
artifact = "artifacts/wasm32-wasi/sha256.component.wasm"

[[provider]]
package = "ai-direct:text-width"
version = "0.1.0"
target = "wasm32-wasi"
sha256 = "623110d784e6d73d6db4a20f2e876b438c808c32a12df4fbc68bcb41a5e5afc9"
wit_sha256 = "f868e786f5e4129012e98ef4118dbf1512e42408d5a22cbcaee9bdee44297b62"
metadata_sha256 = "f68d7ebb1557d14965a113f333942bd2df7bd8afdee2840f6cf4d71357ae723e"
license = "Apache-2.0 AND (MIT OR Apache-2.0)"
source = "/home/cody/.cache/air/registries/3e4b9ef5c489d2aefd5fe2f98d8e67f0898f44fe05d4f76ce7bf0385ce729fab/providers/text-width"
registry = "https://github.com/renierr/ai-direct-ir-providers.git"
registry_revision = "c9772b7d48897f5569fe09dc2e2884a265e5f06c"
registry_index_sha256 = "bbca598f61d0e55534aedd618e52c7aa7b9a0f33f2ab041588285f2c18bd51ea"
artifact = "artifacts/wasm32-wasi/text-width.component.wasm"
